
Microsoft Visual Studio Solution File, Format Version 12.00
# Visual Studio 15
VisualStudioVersion = 15.0.25807.0
MinimumVisualStudioVersion = 10.0.40219.1
Project("{2150E333-8FDC-42A3-9474-1A3956D46DE8}") = "Engine", "Engine", "{0843CCE1-626F-4F0D-9D4B-FF9E76BA1249}"
EndProject
Project("{2150E333-8FDC-42A3-9474-1A3956D46DE8}") = "Games", "Games", "{B8A33BD3-6B20-4BA7-B925-C527B89D7930}"
EndProject
Project("{8BC9CEB8-8B4A-11D0-8D11-00A0C91BC942}") = "UE4", "Intermediate\ProjectFiles\UE4.vcxproj", "{87F0ACCD-7C69-4D86-BD3B-90ECCEF02B10}"
EndProject
Project("{8BC9CEB8-8B4A-11D0-8D11-00A0C91BC942}") = "Go_Game", "Intermediate\ProjectFiles\Go_Game.vcxproj", "{B85B9CEB-192E-4601-8821-AB738931CA06}"
EndProject
Global
	GlobalSection(SolutionConfigurationPlatforms) = preSolution
		DebugGame Editor|HTML5 = DebugGame Editor|HTML5
		DebugGame Editor|IOS = DebugGame Editor|IOS
		DebugGame Editor|Win32 = DebugGame Editor|Win32
		DebugGame Editor|Win64 = DebugGame Editor|Win64
		DebugGame|HTML5 = DebugGame|HTML5
		DebugGame|IOS = DebugGame|IOS
		DebugGame|Win32 = DebugGame|Win32
		DebugGame|Win64 = DebugGame|Win64
		Development Editor|HTML5 = Development Editor|HTML5
		Development Editor|IOS = Development Editor|IOS
		Development Editor|Win32 = Development Editor|Win32
		Development Editor|Win64 = Development Editor|Win64
		Development|HTML5 = Development|HTML5
		Development|IOS = Development|IOS
		Development|Win32 = Development|Win32
		Development|Win64 = Development|Win64
		Shipping|HTML5 = Shipping|HTML5
		Shipping|IOS = Shipping|IOS
		Shipping|Win32 = Shipping|Win32
		Shipping|Win64 = Shipping|Win64
	EndGlobalSection
	GlobalSection(ProjectConfigurationPlatforms) = postSolution
		{87F0ACCD-7C69-4D86-BD3B-90ECCEF02B10}.DebugGame Editor|HTML5.ActiveCfg = BuiltWithUnrealBuildTool|Win32
		{87F0ACCD-7C69-4D86-BD3B-90ECCEF02B10}.DebugGame Editor|HTML5.Build.0 = BuiltWithUnrealBuildTool|Win32
		{87F0ACCD-7C69-4D86-BD3B-90ECCEF02B10}.DebugGame Editor|IOS.ActiveCfg = BuiltWithUnrealBuildTool|Win32
		{87F0ACCD-7C69-4D86-BD3B-90ECCEF02B10}.DebugGame Editor|IOS.Build.0 = BuiltWithUnrealBuildTool|Win32
		{87F0ACCD-7C69-4D86-BD3B-90ECCEF02B10}.DebugGame Editor|Win32.ActiveCfg = BuiltWithUnrealBuildTool|Win32
		{87F0ACCD-7C69-4D86-BD3B-90ECCEF02B10}.DebugGame Editor|Win32.Build.0 = BuiltWithUnrealBuildTool|Win32
		{87F0ACCD-7C69-4D86-BD3B-90ECCEF02B10}.DebugGame Editor|Win64.ActiveCfg = BuiltWithUnrealBuildTool|Win32
		{87F0ACCD-7C69-4D86-BD3B-90ECCEF02B10}.DebugGame Editor|Win64.Build.0 = BuiltWithUnrealBuildTool|Win32
		{87F0ACCD-7C69-4D86-BD3B-90ECCEF02B10}.DebugGame|HTML5.ActiveCfg = BuiltWithUnrealBuildTool|Win32
		{87F0ACCD-7C69-4D86-BD3B-90ECCEF02B10}.DebugGame|HTML5.Build.0 = BuiltWithUnrealBuildTool|Win32
		{87F0ACCD-7C69-4D86-BD3B-90ECCEF02B10}.DebugGame|IOS.ActiveCfg = BuiltWithUnrealBuildTool|Win32
		{87F0ACCD-7C69-4D86-BD3B-90ECCEF02B10}.DebugGame|IOS.Build.0 = BuiltWithUnrealBuildTool|Win32
		{87F0ACCD-7C69-4D86-BD3B-90ECCEF02B10}.DebugGame|Win32.ActiveCfg = BuiltWithUnrealBuildTool|Win32
		{87F0ACCD-7C69-4D86-BD3B-90ECCEF02B10}.DebugGame|Win32.Build.0 = BuiltWithUnrealBuildTool|Win32
		{87F0ACCD-7C69-4D86-BD3B-90ECCEF02B10}.DebugGame|Win64.ActiveCfg = BuiltWithUnrealBuildTool|Win32
		{87F0ACCD-7C69-4D86-BD3B-90ECCEF02B10}.DebugGame|Win64.Build.0 = BuiltWithUnrealBuildTool|Win32
		{87F0ACCD-7C69-4D86-BD3B-90ECCEF02B10}.Development Editor|HTML5.ActiveCfg = BuiltWithUnrealBuildTool|Win32
		{87F0ACCD-7C69-4D86-BD3B-90ECCEF02B10}.Development Editor|HTML5.Build.0 = BuiltWithUnrealBuildTool|Win32
		{87F0ACCD-7C69-4D86-BD3B-90ECCEF02B10}.Development Editor|IOS.ActiveCfg = BuiltWithUnrealBuildTool|Win32
		{87F0ACCD-7C69-4D86-BD3B-90ECCEF02B10}.Development Editor|IOS.Build.0 = BuiltWithUnrealBuildTool|Win32
		{87F0ACCD-7C69-4D86-BD3B-90ECCEF02B10}.Development Editor|Win32.ActiveCfg = BuiltWithUnrealBuildTool|Win32
		{87F0ACCD-7C69-4D86-BD3B-90ECCEF02B10}.Development Editor|Win32.Build.0 = BuiltWithUnrealBuildTool|Win32
		{87F0ACCD-7C69-4D86-BD3B-90ECCEF02B10}.Development Editor|Win64.ActiveCfg = BuiltWithUnrealBuildTool|Win32
		{87F0ACCD-7C69-4D86-BD3B-90ECCEF02B10}.Development Editor|Win64.Build.0 = BuiltWithUnrealBuildTool|Win32
		{87F0ACCD-7C69-4D86-BD3B-90ECCEF02B10}.Development|HTML5.ActiveCfg = BuiltWithUnrealBuildTool|Win32
		{87F0ACCD-7C69-4D86-BD3B-90ECCEF02B10}.Development|HTML5.Build.0 = BuiltWithUnrealBuildTool|Win32
		{87F0ACCD-7C69-4D86-BD3B-90ECCEF02B10}.Development|IOS.ActiveCfg = BuiltWithUnrealBuildTool|Win32
		{87F0ACCD-7C69-4D86-BD3B-90ECCEF02B10}.Development|IOS.Build.0 = BuiltWithUnrealBuildTool|Win32
		{87F0ACCD-7C69-4D86-BD3B-90ECCEF02B10}.Development|Win32.ActiveCfg = BuiltWithUnrealBuildTool|Win32
		{87F0ACCD-7C69-4D86-BD3B-90ECCEF02B10}.Development|Win32.Build.0 = BuiltWithUnrealBuildTool|Win32
		{87F0ACCD-7C69-4D86-BD3B-90ECCEF02B10}.Development|Win64.ActiveCfg = BuiltWithUnrealBuildTool|Win32
		{87F0ACCD-7C69-4D86-BD3B-90ECCEF02B10}.Development|Win64.Build.0 = BuiltWithUnrealBuildTool|Win32
		{87F0ACCD-7C69-4D86-BD3B-90ECCEF02B10}.Shipping|HTML5.ActiveCfg = BuiltWithUnrealBuildTool|Win32
		{87F0ACCD-7C69-4D86-BD3B-90ECCEF02B10}.Shipping|HTML5.Build.0 = BuiltWithUnrealBuildTool|Win32
		{87F0ACCD-7C69-4D86-BD3B-90ECCEF02B10}.Shipping|IOS.ActiveCfg = BuiltWithUnrealBuildTool|Win32
		{87F0ACCD-7C69-4D86-BD3B-90ECCEF02B10}.Shipping|IOS.Build.0 = BuiltWithUnrealBuildTool|Win32
		{87F0ACCD-7C69-4D86-BD3B-90ECCEF02B10}.Shipping|Win32.ActiveCfg = BuiltWithUnrealBuildTool|Win32
		{87F0ACCD-7C69-4D86-BD3B-90ECCEF02B10}.Shipping|Win32.Build.0 = BuiltWithUnrealBuildTool|Win32
		{87F0ACCD-7C69-4D86-BD3B-90ECCEF02B10}.Shipping|Win64.ActiveCfg = BuiltWithUnrealBuildTool|Win32
		{87F0ACCD-7C69-4D86-BD3B-90ECCEF02B10}.Shipping|Win64.Build.0 = BuiltWithUnrealBuildTool|Win32
		{B85B9CEB-192E-4601-8821-AB738931CA06}.DebugGame Editor|HTML5.ActiveCfg = HTML5_DebugGame_Editor|Win32
		{B85B9CEB-192E-4601-8821-AB738931CA06}.DebugGame Editor|IOS.ActiveCfg = IOS_DebugGame_Editor|Win32
		{B85B9CEB-192E-4601-8821-AB738931CA06}.DebugGame Editor|Win32.ActiveCfg = DebugGame_Editor|Win32
		{B85B9CEB-192E-4601-8821-AB738931CA06}.DebugGame Editor|Win64.ActiveCfg = DebugGame_Editor|x64
		{B85B9CEB-192E-4601-8821-AB738931CA06}.DebugGame Editor|Win64.Build.0 = DebugGame_Editor|x64
		{B85B9CEB-192E-4601-8821-AB738931CA06}.DebugGame|HTML5.ActiveCfg = HTML5_DebugGame_Game|Win32
		{B85B9CEB-192E-4601-8821-AB738931CA06}.DebugGame|HTML5.Build.0 = HTML5_DebugGame_Game|Win32
		{B85B9CEB-192E-4601-8821-AB738931CA06}.DebugGame|IOS.ActiveCfg = IOS_DebugGame_Game|Win32
		{B85B9CEB-192E-4601-8821-AB738931CA06}.DebugGame|IOS.Build.0 = IOS_DebugGame_Game|Win32
		{B85B9CEB-192E-4601-8821-AB738931CA06}.DebugGame|Win32.ActiveCfg = DebugGame_Game|Win32
		{B85B9CEB-192E-4601-8821-AB738931CA06}.DebugGame|Win32.Build.0 = DebugGame_Game|Win32
		{B85B9CEB-192E-4601-8821-AB738931CA06}.DebugGame|Win64.ActiveCfg = DebugGame_Game|x64
		{B85B9CEB-192E-4601-8821-AB738931CA06}.DebugGame|Win64.Build.0 = DebugGame_Game|x64
		{B85B9CEB-192E-4601-8821-AB738931CA06}.Development Editor|HTML5.ActiveCfg = HTML5_Development_Editor|Win32
		{B85B9CEB-192E-4601-8821-AB738931CA06}.Development Editor|IOS.ActiveCfg = IOS_Development_Editor|Win32
		{B85B9CEB-192E-4601-8821-AB738931CA06}.Development Editor|Win32.ActiveCfg = Development_Editor|Win32
		{B85B9CEB-192E-4601-8821-AB738931CA06}.Development Editor|Win64.ActiveCfg = Development_Editor|x64
		{B85B9CEB-192E-4601-8821-AB738931CA06}.Development Editor|Win64.Build.0 = Development_Editor|x64
		{B85B9CEB-192E-4601-8821-AB738931CA06}.Development|HTML5.ActiveCfg = HTML5_Development_Game|Win32
		{B85B9CEB-192E-4601-8821-AB738931CA06}.Development|HTML5.Build.0 = HTML5_Development_Game|Win32
		{B85B9CEB-192E-4601-8821-AB738931CA06}.Development|IOS.ActiveCfg = IOS_Development_Game|Win32
		{B85B9CEB-192E-4601-8821-AB738931CA06}.Development|IOS.Build.0 = IOS_Development_Game|Win32
		{B85B9CEB-192E-4601-8821-AB738931CA06}.Development|Win32.ActiveCfg = Development_Game|Win32
		{B85B9CEB-192E-4601-8821-AB738931CA06}.Development|Win32.Build.0 = Development_Game|Win32
		{B85B9CEB-192E-4601-8821-AB738931CA06}.Development|Win64.ActiveCfg = Development_Game|x64
		{B85B9CEB-192E-4601-8821-AB738931CA06}.Development|Win64.Build.0 = Development_Game|x64
		{B85B9CEB-192E-4601-8821-AB738931CA06}.Shipping|HTML5.ActiveCfg = HTML5_Shipping_Game|Win32
		{B85B9CEB-192E-4601-8821-AB738931CA06}.Shipping|HTML5.Build.0 = HTML5_Shipping_Game|Win32
		{B85B9CEB-192E-4601-8821-AB738931CA06}.Shipping|IOS.ActiveCfg = IOS_Shipping_Game|Win32
		{B85B9CEB-192E-4601-8821-AB738931CA06}.Shipping|IOS.Build.0 = IOS_Shipping_Game|Win32
		{B85B9CEB-192E-4601-8821-AB738931CA06}.Shipping|Win32.ActiveCfg = Shipping_Game|Win32
		{B85B9CEB-192E-4601-8821-AB738931CA06}.Shipping|Win32.Build.0 = Shipping_Game|Win32
		{B85B9CEB-192E-4601-8821-AB738931CA06}.Shipping|Win64.ActiveCfg = Shipping_Game|x64
		{B85B9CEB-192E-4601-8821-AB738931CA06}.Shipping|Win64.Build.0 = Shipping_Game|x64
	EndGlobalSection
	GlobalSection(SolutionProperties) = preSolution
		HideSolutionNode = FALSE
	EndGlobalSection
	GlobalSection(NestedProjects) = preSolution
		{87F0ACCD-7C69-4D86-BD3B-90ECCEF02B10} = {0843CCE1-626F-4F0D-9D4B-FF9E76BA1249}
		{B85B9CEB-192E-4601-8821-AB738931CA06} = {B8A33BD3-6B20-4BA7-B925-C527B89D7930}
	EndGlobalSection
	GlobalSection(ExtensibilityGlobals) = postSolution
		SolutionGuid = {940EB460-897E-4618-9CA8-84BF4CC546F4}
	EndGlobalSection
EndGlobal
